
Microsoft Visual Studio Solution File, Format Version 12.00
# Visual Studio Version 16
VisualStudioVersion = 16.0.30804.86
MinimumVisualStudioVersion = 15.0.26124.0
Project("{9A19103F-16F7-4668-BE54-9A1E7A4F7556}") = "API", "API\API.csproj", "{3FD085AF-C818-490F-AA17-6025CF9CDA46}"
EndProject
Project("{9A19103F-16F7-4668-BE54-9A1E7A4F7556}") = "Application", "RKalkyl\Application\Application.csproj", "{706AB924-D048-4704-942B-30371228113E}"
EndProject
Project("{9A19103F-16F7-4668-BE54-9A1E7A4F7556}") = "Persistance", "RKalkyl\Persistance\Persistance.csproj", "{063E430F-BC55-4234-98DB-B91605E709FF}"
EndProject
Project("{9A19103F-16F7-4668-BE54-9A1E7A4F7556}") = "Domain", "RKalkyl\Domain\Domain.csproj", "{9514E3EA-475A-4085-A9C6-664315BB284A}"
EndProject
Project("{2150E333-8FDC-42A3-9474-1A3956D46DE8}") = "RKalkyl", "RKalkyl", "{12462BA2-C0FD-4551-93EC-5808F974B116}"
EndProject
Project("{9A19103F-16F7-4668-BE54-9A1E7A4F7556}") = "RecepieParser", "RecepieParser\RecepieParser.csproj", "{D0243C8F-51EE-418D-BED2-7D8FA42EBCD4}"
EndProject
Project("{FAE04EC0-301F-11D3-BF4B-00C04F79EFBC}") = "RecepieParserTests", "RecepieParserTests\RecepieParserTests.csproj", "{A8A9CCA8-766B-49D6-ACF7-EA7EEE8DC475}"
EndProject
Global
	GlobalSection(SolutionConfigurationPlatforms) = preSolution
		Debug|Any CPU = Debug|Any CPU
		Debug|x64 = Debug|x64
		Debug|x86 = Debug|x86
		Release|Any CPU = Release|Any CPU
		Release|x64 = Release|x64
		Release|x86 = Release|x86
	EndGlobalSection
	GlobalSection(ProjectConfigurationPlatforms) = postSolution
		{3FD085AF-C818-490F-AA17-6025CF9CDA46}.Debug|Any CPU.ActiveCfg = Debug|Any CPU
		{3FD085AF-C818-490F-AA17-6025CF9CDA46}.Debug|Any CPU.Build.0 = Debug|Any CPU
		{3FD085AF-C818-490F-AA17-6025CF9CDA46}.Debug|x64.ActiveCfg = Debug|Any CPU
		{3FD085AF-C818-490F-AA17-6025CF9CDA46}.Debug|x64.Build.0 = Debug|Any CPU
		{3FD085AF-C818-490F-AA17-6025CF9CDA46}.Debug|x86.ActiveCfg = Debug|Any CPU
		{3FD085AF-C818-490F-AA17-6025CF9CDA46}.Debug|x86.Build.0 = Debug|Any CPU
		{3FD085AF-C818-490F-AA17-6025CF9CDA46}.Release|Any CPU.ActiveCfg = Release|Any CPU
		{3FD085AF-C818-490F-AA17-6025CF9CDA46}.Release|Any CPU.Build.0 = Release|Any CPU
		{3FD085AF-C818-490F-AA17-6025CF9CDA46}.Release|x64.ActiveCfg = Release|Any CPU
		{3FD085AF-C818-490F-AA17-6025CF9CDA46}.Release|x64.Build.0 = Release|Any CPU
		{3FD085AF-C818-490F-AA17-6025CF9CDA46}.Release|x86.ActiveCfg = Release|Any CPU
		{3FD085AF-C818-490F-AA17-6025CF9CDA46}.Release|x86.Build.0 = Release|Any CPU
		{706AB924-D048-4704-942B-30371228113E}.Debug|Any CPU.ActiveCfg = Debug|Any CPU
		{706AB924-D048-4704-942B-30371228113E}.Debug|Any CPU.Build.0 = Debug|Any CPU
		{706AB924-D048-4704-942B-30371228113E}.Debug|x64.ActiveCfg = Debug|Any CPU
		{706AB924-D048-4704-942B-30371228113E}.Debug|x64.Build.0 = Debug|Any CPU
		{706AB924-D048-4704-942B-30371228113E}.Debug|x86.ActiveCfg = Debug|Any CPU
		{706AB924-D048-4704-942B-30371228113E}.Debug|x86.Build.0 = Debug|Any CPU
		{706AB924-D048-4704-942B-30371228113E}.Release|Any CPU.ActiveCfg = Release|Any CPU
		{706AB924-D048-4704-942B-30371228113E}.Release|Any CPU.Build.0 = Release|Any CPU
		{706AB924-D048-4704-942B-30371228113E}.Release|x64.ActiveCfg = Release|Any CPU
		{706AB924-D048-4704-942B-30371228113E}.Release|x64.Build.0 = Release|Any CPU
		{706AB924-D048-4704-942B-30371228113E}.Release|x86.ActiveCfg = Release|Any CPU
		{706AB924-D048-4704-942B-30371228113E}.Release|x86.Build.0 = Release|Any CPU
		{063E430F-BC55-4234-98DB-B91605E709FF}.Debug|Any CPU.ActiveCfg = Debug|Any CPU
		{063E430F-BC55-4234-98DB-B91605E709FF}.Debug|Any CPU.Build.0 = Debug|Any CPU
		{063E430F-BC55-4234-98DB-B91605E709FF}.Debug|x64.ActiveCfg = Debug|Any CPU
		{063E430F-BC55-4234-98DB-B91605E709FF}.Debug|x64.Build.0 = Debug|Any CPU
		{063E430F-BC55-4234-98DB-B91605E709FF}.Debug|x86.ActiveCfg = Debug|Any CPU
		{063E430F-BC55-4234-98DB-B91605E709FF}.Debug|x86.Build.0 = Debug|Any CPU
		{063E430F-BC55-4234-98DB-B91605E709FF}.Release|Any CPU.ActiveCfg = Release|Any CPU
		{063E430F-BC55-4234-98DB-B91605E709FF}.Release|Any CPU.Build.0 = Release|Any CPU
		{063E430F-BC55-4234-98DB-B91605E709FF}.Release|x64.ActiveCfg = Release|Any CPU
		{063E430F-BC55-4234-98DB-B91605E709FF}.Release|x64.Build.0 = Release|Any CPU
		{063E430F-BC55-4234-98DB-B91605E709FF}.Release|x86.ActiveCfg = Release|Any CPU
		{063E430F-BC55-4234-98DB-B91605E709FF}.Release|x86.Build.0 = Release|Any CPU
		{9514E3EA-475A-4085-A9C6-664315BB284A}.Debug|Any CPU.ActiveCfg = Debug|Any CPU
		{9514E3EA-475A-4085-A9C6-664315BB284A}.Debug|Any CPU.Build.0 = Debug|Any CPU
		{9514E3EA-475A-4085-A9C6-664315BB284A}.Debug|x64.ActiveCfg = Debug|Any CPU
		{9514E3EA-475A-4085-A9C6-664315BB284A}.Debug|x64.Build.0 = Debug|Any CPU
		{9514E3EA-475A-4085-A9C6-664315BB284A}.Debug|x86.ActiveCfg = Debug|Any CPU
		{9514E3EA-475A-4085-A9C6-664315BB284A}.Debug|x86.Build.0 = Debug|Any CPU
		{9514E3EA-475A-4085-A9C6-664315BB284A}.Release|Any CPU.ActiveCfg = Release|Any CPU
		{9514E3EA-475A-4085-A9C6-664315BB284A}.Release|Any CPU.Build.0 = Release|Any CPU
		{9514E3EA-475A-4085-A9C6-664315BB284A}.Release|x64.ActiveCfg = Release|Any CPU
		{9514E3EA-475A-4085-A9C6-664315BB284A}.Release|x64.Build.0 = Release|Any CPU
		{9514E3EA-475A-4085-A9C6-664315BB284A}.Release|x86.ActiveCfg = Release|Any CPU
		{9514E3EA-475A-4085-A9C6-664315BB284A}.Release|x86.Build.0 = Release|Any CPU
		{D0243C8F-51EE-418D-BED2-7D8FA42EBCD4}.Debug|Any CPU.ActiveCfg = Debug|Any CPU
		{D0243C8F-51EE-418D-BED2-7D8FA42EBCD4}.Debug|Any CPU.Build.0 = Debug|Any CPU
		{D0243C8F-51EE-418D-BED2-7D8FA42EBCD4}.Debug|x64.ActiveCfg = Debug|Any CPU
		{D0243C8F-51EE-418D-BED2-7D8FA42EBCD4}.Debug|x64.Build.0 = Debug|Any CPU
		{D0243C8F-51EE-418D-BED2-7D8FA42EBCD4}.Debug|x86.ActiveCfg = Debug|Any CPU
		{D0243C8F-51EE-418D-BED2-7D8FA42EBCD4}.Debug|x86.Build.0 = Debug|Any CPU
		{D0243C8F-51EE-418D-BED2-7D8FA42EBCD4}.Release|Any CPU.ActiveCfg = Release|Any CPU
		{D0243C8F-51EE-418D-BED2-7D8FA42EBCD4}.Release|Any CPU.Build.0 = Release|Any CPU
		{D0243C8F-51EE-418D-BED2-7D8FA42EBCD4}.Release|x64.ActiveCfg = Release|Any CPU
		{D0243C8F-51EE-418D-BED2-7D8FA42EBCD4}.Release|x64.Build.0 = Release|Any CPU
		{D0243C8F-51EE-418D-BED2-7D8FA42EBCD4}.Release|x86.ActiveCfg = Release|Any CPU
		{D0243C8F-51EE-418D-BED2-7D8FA42EBCD4}.Release|x86.Build.0 = Release|Any CPU
		{A8A9CCA8-766B-49D6-ACF7-EA7EEE8DC475}.Debug|Any CPU.ActiveCfg = Debug|Any CPU
		{A8A9CCA8-766B-49D6-ACF7-EA7EEE8DC475}.Debug|Any CPU.Build.0 = Debug|Any CPU
		{A8A9CCA8-766B-49D6-ACF7-EA7EEE8DC475}.Debug|x64.ActiveCfg = Debug|Any CPU
		{A8A9CCA8-766B-49D6-ACF7-EA7EEE8DC475}.Debug|x64.Build.0 = Debug|Any CPU
		{A8A9CCA8-766B-49D6-ACF7-EA7EEE8DC475}.Debug|x86.ActiveCfg = Debug|Any CPU
		{A8A9CCA8-766B-49D6-ACF7-EA7EEE8DC475}.Debug|x86.Build.0 = Debug|Any CPU
		{A8A9CCA8-766B-49D6-ACF7-EA7EEE8DC475}.Release|Any CPU.ActiveCfg = Release|Any CPU
		{A8A9CCA8-766B-49D6-ACF7-EA7EEE8DC475}.Release|Any CPU.Build.0 = Release|Any CPU
		{A8A9CCA8-766B-49D6-ACF7-EA7EEE8DC475}.Release|x64.ActiveCfg = Release|Any CPU
		{A8A9CCA8-766B-49D6-ACF7-EA7EEE8DC475}.Release|x64.Build.0 = Release|Any CPU
		{A8A9CCA8-766B-49D6-ACF7-EA7EEE8DC475}.Release|x86.ActiveCfg = Release|Any CPU
		{A8A9CCA8-766B-49D6-ACF7-EA7EEE8DC475}.Release|x86.Build.0 = Release|Any CPU
	EndGlobalSection
	GlobalSection(SolutionProperties) = preSolution
		HideSolutionNode = FALSE
	EndGlobalSection
	GlobalSection(NestedProjects) = preSolution
		{706AB924-D048-4704-942B-30371228113E} = {12462BA2-C0FD-4551-93EC-5808F974B116}
		{063E430F-BC55-4234-98DB-B91605E709FF} = {12462BA2-C0FD-4551-93EC-5808F974B116}
		{9514E3EA-475A-4085-A9C6-664315BB284A} = {12462BA2-C0FD-4551-93EC-5808F974B116}
	EndGlobalSection
	GlobalSection(ExtensibilityGlobals) = postSolution
		SolutionGuid = {97896694-777E-48EA-BAF4-D22276B691BA}
	EndGlobalSection
EndGlobal
